
Microsoft Visual Studio Solution File, Format Version 12.00
# Visual Studio 15
VisualStudioVersion = 15.0.27703.2042
MinimumVisualStudioVersion = 10.0.40219.1
Project("{FAE04EC0-301F-11D3-BF4B-00C04F79EFBC}") = "CosmeticStore", "CosmeticStore\CosmeticStore.csproj", "{AA7FADF3-9625-48FC-AC1B-D4A828E4C78C}"
EndProject
Project("{FAE04EC0-301F-11D3-BF4B-00C04F79EFBC}") = "CosmeticStore.Entities", "CosmeticStore.Entities\CosmeticStore.Entities.csproj", "{AF0F99E2-80AF-45AC-990F-1C8910CD7EE5}"
EndProject
Project("{FAE04EC0-301F-11D3-BF4B-00C04F79EFBC}") = "CosmeticStore.BusinessLayer", "CosmeticStore.BusinessLayer\CosmeticStore.BusinessLayer.csproj", "{673DE52E-E65D-4BF3-AA84-8D7D65D125D3}"
EndProject
Project("{FAE04EC0-301F-11D3-BF4B-00C04F79EFBC}") = "CosmeticStore.DataAccessLayer", "CosmeticStore.DataAccessLayer\CosmeticStore.DataAccessLayer.csproj", "{779E7479-A786-4272-9A85-16908368F31E}"
EndProject
Global
	GlobalSection(SolutionConfigurationPlatforms) = preSolution
		Debug|Any CPU = Debug|Any CPU
		Release|Any CPU = Release|Any CPU
	EndGlobalSection
	GlobalSection(ProjectConfigurationPlatforms) = postSolution
		{AA7FADF3-9625-48FC-AC1B-D4A828E4C78C}.Debug|Any CPU.ActiveCfg = Debug|Any CPU
		{AA7FADF3-9625-48FC-AC1B-D4A828E4C78C}.Debug|Any CPU.Build.0 = Debug|Any CPU
		{AA7FADF3-9625-48FC-AC1B-D4A828E4C78C}.Release|Any CPU.ActiveCfg = Release|Any CPU
		{AA7FADF3-9625-48FC-AC1B-D4A828E4C78C}.Release|Any CPU.Build.0 = Release|Any CPU
		{AF0F99E2-80AF-45AC-990F-1C8910CD7EE5}.Debug|Any CPU.ActiveCfg = Debug|Any CPU
		{AF0F99E2-80AF-45AC-990F-1C8910CD7EE5}.Debug|Any CPU.Build.0 = Debug|Any CPU
		{AF0F99E2-80AF-45AC-990F-1C8910CD7EE5}.Release|Any CPU.ActiveCfg = Release|Any CPU
		{AF0F99E2-80AF-45AC-990F-1C8910CD7EE5}.Release|Any CPU.Build.0 = Release|Any CPU
		{673DE52E-E65D-4BF3-AA84-8D7D65D125D3}.Debug|Any CPU.ActiveCfg = Debug|Any CPU
		{673DE52E-E65D-4BF3-AA84-8D7D65D125D3}.Debug|Any CPU.Build.0 = Debug|Any CPU
		{673DE52E-E65D-4BF3-AA84-8D7D65D125D3}.Release|Any CPU.ActiveCfg = Release|Any CPU
		{673DE52E-E65D-4BF3-AA84-8D7D65D125D3}.Release|Any CPU.Build.0 = Release|Any CPU
		{779E7479-A786-4272-9A85-16908368F31E}.Debug|Any CPU.ActiveCfg = Debug|Any CPU
		{779E7479-A786-4272-9A85-16908368F31E}.Debug|Any CPU.Build.0 = Debug|Any CPU
		{779E7479-A786-4272-9A85-16908368F31E}.Release|Any CPU.ActiveCfg = Release|Any CPU
		{779E7479-A786-4272-9A85-16908368F31E}.Release|Any CPU.Build.0 = Release|Any CPU
	EndGlobalSection
	GlobalSection(SolutionProperties) = preSolution
		HideSolutionNode = FALSE
	EndGlobalSection
	GlobalSection(ExtensibilityGlobals) = postSolution
		SolutionGuid = {6BC7BBB6-8C79-4EFE-8136-A453EE07D099}
	EndGlobalSection
EndGlobal
