
Microsoft Visual Studio Solution File, Format Version 12.00
# Visual Studio 15
VisualStudioVersion = 15.0.27703.2042
MinimumVisualStudioVersion = 10.0.40219.1
Project("{FAE04EC0-301F-11D3-BF4B-00C04F79EFBC}") = "UserException", "UserException\UserException.csproj", "{0E8488F3-3744-4778-B8FB-8110C74E0572}"
EndProject
Global
	GlobalSection(SolutionConfigurationPlatforms) = preSolution
		Debug|Any CPU = Debug|Any CPU
		Release|Any CPU = Release|Any CPU
	EndGlobalSection
	GlobalSection(ProjectConfigurationPlatforms) = postSolution
		{0E8488F3-3744-4778-B8FB-8110C74E0572}.Debug|Any CPU.ActiveCfg = Debug|Any CPU
		{0E8488F3-3744-4778-B8FB-8110C74E0572}.Debug|Any CPU.Build.0 = Debug|Any CPU
		{0E8488F3-3744-4778-B8FB-8110C74E0572}.Release|Any CPU.ActiveCfg = Release|Any CPU
		{0E8488F3-3744-4778-B8FB-8110C74E0572}.Release|Any CPU.Build.0 = Release|Any CPU
	EndGlobalSection
	GlobalSection(SolutionProperties) = preSolution
		HideSolutionNode = FALSE
	EndGlobalSection
	GlobalSection(ExtensibilityGlobals) = postSolution
		SolutionGuid = {639B8286-E1D2-4A59-8302-D67B2F573788}
	EndGlobalSection
EndGlobal
