
Microsoft Visual Studio Solution File, Format Version 12.00
# Visual Studio 15
VisualStudioVersion = 15.0.27703.2042
MinimumVisualStudioVersion = 10.0.40219.1
Project("{FAE04EC0-301F-11D3-BF4B-00C04F79EFBC}") = "Events", "Events\Events.csproj", "{8CC19E07-7861-44D2-9B47-A596FDC3BF7E}"
EndProject
Global
	GlobalSection(SolutionConfigurationPlatforms) = preSolution
		Debug|Any CPU = Debug|Any CPU
		Release|Any CPU = Release|Any CPU
	EndGlobalSection
	GlobalSection(ProjectConfigurationPlatforms) = postSolution
		{8CC19E07-7861-44D2-9B47-A596FDC3BF7E}.Debug|Any CPU.ActiveCfg = Debug|Any CPU
		{8CC19E07-7861-44D2-9B47-A596FDC3BF7E}.Debug|Any CPU.Build.0 = Debug|Any CPU
		{8CC19E07-7861-44D2-9B47-A596FDC3BF7E}.Release|Any CPU.ActiveCfg = Release|Any CPU
		{8CC19E07-7861-44D2-9B47-A596FDC3BF7E}.Release|Any CPU.Build.0 = Release|Any CPU
	EndGlobalSection
	GlobalSection(SolutionProperties) = preSolution
		HideSolutionNode = FALSE
	EndGlobalSection
	GlobalSection(ExtensibilityGlobals) = postSolution
		SolutionGuid = {AC7A27F5-1CB5-4D2B-9A33-C88AEE4A4D60}
	EndGlobalSection
EndGlobal
