
Microsoft Visual Studio Solution File, Format Version 12.00
# Visual Studio 15
VisualStudioVersion = 15.0.27703.2042
MinimumVisualStudioVersion = 10.0.40219.1
Project("{FAE04EC0-301F-11D3-BF4B-00C04F79EFBC}") = "Hotel Management", "Hotel Management\Hotel Management.csproj", "{8E2606E1-7D86-4BD3-82AA-78F0CDD65348}"
EndProject
Global
	GlobalSection(SolutionConfigurationPlatforms) = preSolution
		Debug|Any CPU = Debug|Any CPU
		Release|Any CPU = Release|Any CPU
	EndGlobalSection
	GlobalSection(ProjectConfigurationPlatforms) = postSolution
		{8E2606E1-7D86-4BD3-82AA-78F0CDD65348}.Debug|Any CPU.ActiveCfg = Debug|Any CPU
		{8E2606E1-7D86-4BD3-82AA-78F0CDD65348}.Debug|Any CPU.Build.0 = Debug|Any CPU
		{8E2606E1-7D86-4BD3-82AA-78F0CDD65348}.Release|Any CPU.ActiveCfg = Release|Any CPU
		{8E2606E1-7D86-4BD3-82AA-78F0CDD65348}.Release|Any CPU.Build.0 = Release|Any CPU
	EndGlobalSection
	GlobalSection(SolutionProperties) = preSolution
		HideSolutionNode = FALSE
	EndGlobalSection
	GlobalSection(ExtensibilityGlobals) = postSolution
		SolutionGuid = {895FB261-B1D7-4DCF-B3A3-82E33CC6C7E1}
	EndGlobalSection
EndGlobal
